{
  "name": "hello-world",
  "version": "0.0.0",
  "lockfileVersion": 3,
  "requires": true,
  "packages": {
    "": {
      "version": "0.0.0",
      "dependencies": {
        "@matt.kantor/loom-node": "latest",
        "@matt.kantor/silk": "latest"
      },
      "devDependencies": {
        "@types/node": "^24.6.2",
        "typescript": "^5.9.3"
      }
    },
    "node_modules/@matt.kantor/loom-node": {
      "version": "0.0.1",
      "resolved": "https://registry.npmjs.org/@matt.kantor/loom-node/-/loom-node-0.0.1.tgz",
      "integrity": "sha512-F7vJALSiZycxva3pH5wvImbm3zPw9jlHzCi8S4tTr6ootvXedUQvqLPn2QaMGaef2MlA/eZacnL+LC1qIN5WAA==",
      "dependencies": {
        "@matt.kantor/silk": "latest",
        "mime": "^4.1.0"
      }
    },
    "node_modules/@matt.kantor/silk": {
      "version": "0.1.2",
      "resolved": "https://registry.npmjs.org/@matt.kantor/silk/-/silk-0.1.2.tgz",
      "integrity": "sha512-Lxi+cpTlUFa8T5HUgJpr8qm9+oSDVrQ1k0fLaLuWy2j7D6nysskY97aJQT+ENkWcQwAo9KLactZsv/xNyLgEBw==",
      "license": "MIT",
      "dependencies": {
        "@michijs/htmltype": "^0.4.2",
        "html-entities": "^2.6.0",
        "html-tags": "^5.1.0"
      }
    },
    "node_modules/@michijs/htmltype": {
      "version": "0.4.2",
      "resolved": "https://registry.npmjs.org/@michijs/htmltype/-/htmltype-0.4.2.tgz",
      "integrity": "sha512-xAD0X2NKc/OAriUO5lVFCEEMHMCXuir6eYsm6PQtjfiEX/tP8zXnxrURk/uegqEYdQgRaSyMjMZX4TZH6u5nQg==",
      "license": "MIT",
      "dependencies": {
        "@michijs/vscode-mathml": "1.1.0",
        "@michijs/vscode-svg": "2.1.0",
        "@vscode/web-custom-data": "0.5.2"
      },
      "peerDependencies": {
        "csstype": "^3.1.2"
      }
    },
    "node_modules/@michijs/vscode-mathml": {
      "version": "1.1.0",
      "resolved": "https://registry.npmjs.org/@michijs/vscode-mathml/-/vscode-mathml-1.1.0.tgz",
      "integrity": "sha512-4XTl/vXLUcVwF9XrCYDO/VAkXIWZxWxZpezhM5OykBHYeR3qUdAOw1V78HKLV6TgsedHC/aAk2HUky4ipKvZWg==",
      "license": "MIT",
      "engines": {
        "vscode": "^1.38.0"
      }
    },
    "node_modules/@michijs/vscode-svg": {
      "version": "2.1.0",
      "resolved": "https://registry.npmjs.org/@michijs/vscode-svg/-/vscode-svg-2.1.0.tgz",
      "integrity": "sha512-ZOunXtBYPOd8OfB3/LBCw/EOI99vg/XYFKUNIGOu4SnqjACAIh+z2mvG/ImI3DBKSzKKQmWtQCt2QYByJyifaA==",
      "license": "MIT",
      "engines": {
        "vscode": "^1.38.0"
      }
    },
    "node_modules/@types/node": {
      "version": "24.7.2",
      "resolved": "https://registry.npmjs.org/@types/node/-/node-24.7.2.tgz",
      "integrity": "sha512-/NbVmcGTP+lj5oa4yiYxxeBjRivKQ5Ns1eSZeB99ExsEQ6rX5XYU1Zy/gGxY/ilqtD4Etx9mKyrPxZRetiahhA==",
      "dev": true,
      "license": "MIT",
      "dependencies": {
        "undici-types": "~7.14.0"
      }
    },
    "node_modules/@vscode/web-custom-data": {
      "version": "0.5.2",
      "resolved": "https://registry.npmjs.org/@vscode/web-custom-data/-/web-custom-data-0.5.2.tgz",
      "integrity": "sha512-VamZXR5KPJVgMLUDMTNiBseKG4ahKNI8s2fpQXv3Wf++McEvZ0NQilshPP5RfYWlup734I4jTsTfEpcyrnBWNg==",
      "license": "MIT"
    },
    "node_modules/csstype": {
      "version": "3.1.3",
      "resolved": "https://registry.npmjs.org/csstype/-/csstype-3.1.3.tgz",
      "integrity": "sha512-M1uQkMl8rQK/szD0LNhtqxIPLpimGm8sOBwU7lLnCpSbTyY3yeU1Vc7l4KT5zT4s/yOxHH5O7tIuuLOCnLADRw==",
      "license": "MIT",
      "peer": true
    },
    "node_modules/html-entities": {
      "version": "2.6.0",
      "resolved": "https://registry.npmjs.org/html-entities/-/html-entities-2.6.0.tgz",
      "integrity": "sha512-kig+rMn/QOVRvr7c86gQ8lWXq+Hkv6CbAH1hLu+RG338StTpE8Z0b44SDVaqVu7HGKf27frdmUYEs9hTUX/cLQ==",
      "funding": [
        {
          "type": "github",
          "url": "https://github.com/sponsors/mdevils"
        },
        {
          "type": "patreon",
          "url": "https://patreon.com/mdevils"
        }
      ],
      "license": "MIT"
    },
    "node_modules/html-tags": {
      "version": "5.1.0",
      "resolved": "https://registry.npmjs.org/html-tags/-/html-tags-5.1.0.tgz",
      "integrity": "sha512-n6l5uca7/y5joxZ3LUePhzmBFUJ+U2YWzhMa8XUTecSeSlQiZdF5XAd/Q3/WUl0VsXgUwWi8I7CNIwdI5WN1SQ==",
      "license": "MIT",
      "engines": {
        "node": ">=20.10"
      },
      "funding": {
        "url": "https://github.com/sponsors/sindresorhus"
      }
    },
    "node_modules/mime": {
      "version": "4.1.0",
      "resolved": "https://registry.npmjs.org/mime/-/mime-4.1.0.tgz",
      "integrity": "sha512-X5ju04+cAzsojXKes0B/S4tcYtFAJ6tTMuSPBEn9CPGlrWr8Fiw7qYeLT0XyH80HSoAoqWCaz+MWKh22P7G1cw==",
      "funding": [
        "https://github.com/sponsors/broofa"
      ],
      "license": "MIT",
      "bin": {
        "mime": "bin/cli.js"
      },
      "engines": {
        "node": ">=16"
      }
    },
    "node_modules/typescript": {
      "version": "5.9.3",
      "resolved": "https://registry.npmjs.org/typescript/-/typescript-5.9.3.tgz",
      "integrity": "sha512-jl1vZzPDinLr9eUt3J/t7V6FgNEw9QjvBPdysz9KfQDD41fQrC2Y4vKQdiaUpFT4bXlb1RHhLpp8wtm6M5TgSw==",
      "dev": true,
      "license": "Apache-2.0",
      "bin": {
        "tsc": "bin/tsc",
        "tsserver": "bin/tsserver"
      },
      "engines": {
        "node": ">=14.17"
      }
    },
    "node_modules/undici-types": {
      "version": "7.14.0",
      "resolved": "https://registry.npmjs.org/undici-types/-/undici-types-7.14.0.tgz",
      "integrity": "sha512-QQiYxHuyZ9gQUIrmPo3IA+hUl4KYk8uSA7cHrcKd/l3p1OTpZcM0Tbp9x7FAtXdAYhlasd60ncPpgu6ihG6TOA==",
      "dev": true,
      "license": "MIT"
    }
  }
}
